
Microsoft Visual Studio Solution File, Format Version 12.00
Project("{FAE04EC0-301F-11D3-BF4B-00C04F79EFBC}") = "Downloader.Infrastructure", "Downloader.Infrastructure\Downloader.Infrastructure.csproj", "{840EB994-C379-4D52-A7E9-11F4BE80862B}"
EndProject
Project("{FAE04EC0-301F-11D3-BF4B-00C04F79EFBC}") = "Downloader.Backend", "Downloader.Backend\Downloader.Backend.csproj", "{0E277343-B779-4287-9B3C-22E383A505B2}"
EndProject
Project("{FAE04EC0-301F-11D3-BF4B-00C04F79EFBC}") = "Downloader.Console", "Downloader.Console\Downloader.Console.csproj", "{ED3C38C1-9559-4F4F-AB44-254554A01ED6}"
EndProject
Project("{FAE04EC0-301F-11D3-BF4B-00C04F79EFBC}") = "Downloader.Unit", "Downloader.Unit\Downloader.Unit.csproj", "{D3AF5264-756C-41E0-9285-C70601BC5C11}"
EndProject
Global
	GlobalSection(SolutionConfigurationPlatforms) = preSolution
		Debug|Any CPU = Debug|Any CPU
		Release|Any CPU = Release|Any CPU
	EndGlobalSection
	GlobalSection(ProjectConfigurationPlatforms) = postSolution
		{840EB994-C379-4D52-A7E9-11F4BE80862B}.Debug|Any CPU.ActiveCfg = Debug|Any CPU
		{840EB994-C379-4D52-A7E9-11F4BE80862B}.Debug|Any CPU.Build.0 = Debug|Any CPU
		{840EB994-C379-4D52-A7E9-11F4BE80862B}.Release|Any CPU.ActiveCfg = Release|Any CPU
		{840EB994-C379-4D52-A7E9-11F4BE80862B}.Release|Any CPU.Build.0 = Release|Any CPU
		{0E277343-B779-4287-9B3C-22E383A505B2}.Debug|Any CPU.ActiveCfg = Debug|Any CPU
		{0E277343-B779-4287-9B3C-22E383A505B2}.Debug|Any CPU.Build.0 = Debug|Any CPU
		{0E277343-B779-4287-9B3C-22E383A505B2}.Release|Any CPU.ActiveCfg = Release|Any CPU
		{0E277343-B779-4287-9B3C-22E383A505B2}.Release|Any CPU.Build.0 = Release|Any CPU
		{ED3C38C1-9559-4F4F-AB44-254554A01ED6}.Debug|Any CPU.ActiveCfg = Debug|Any CPU
		{ED3C38C1-9559-4F4F-AB44-254554A01ED6}.Debug|Any CPU.Build.0 = Debug|Any CPU
		{ED3C38C1-9559-4F4F-AB44-254554A01ED6}.Release|Any CPU.ActiveCfg = Release|Any CPU
		{ED3C38C1-9559-4F4F-AB44-254554A01ED6}.Release|Any CPU.Build.0 = Release|Any CPU
		{D3AF5264-756C-41E0-9285-C70601BC5C11}.Debug|Any CPU.ActiveCfg = Debug|Any CPU
		{D3AF5264-756C-41E0-9285-C70601BC5C11}.Debug|Any CPU.Build.0 = Debug|Any CPU
		{D3AF5264-756C-41E0-9285-C70601BC5C11}.Release|Any CPU.ActiveCfg = Release|Any CPU
		{D3AF5264-756C-41E0-9285-C70601BC5C11}.Release|Any CPU.Build.0 = Release|Any CPU
	EndGlobalSection
EndGlobal
